
Microsoft Visual Studio Solution File, Format Version 12.00
# Visual Studio 2012
Project("{8BC9CEB8-8B4A-11D0-8D11-00A0C91BC942}") = "sorts", "sorts\sorts.vcxproj", "{6FEF505C-D89E-4BA3-9306-D548F13479D2}"
EndProject
Project("{8BC9CEB8-8B4A-11D0-8D11-00A0C91BC942}") = "test", "test\test.vcxproj", "{C10E9399-7133-41A9-AEEC-7E6C365CBB26}"
EndProject
Project("{8BC9CEB8-8B4A-11D0-8D11-00A0C91BC942}") = "maxSubSum", "maxSubSum\maxSubSum.vcxproj", "{C070A925-982A-468B-A791-72C7884F4B2A}"
EndProject
Project("{8BC9CEB8-8B4A-11D0-8D11-00A0C91BC942}") = "test2", "test2\test2.vcxproj", "{E71BD72A-0234-405C-AFBE-B5EDF441E3A2}"
EndProject
Global
	GlobalSection(SolutionConfigurationPlatforms) = preSolution
		Debug|Win32 = Debug|Win32
		Release|Win32 = Release|Win32
	EndGlobalSection
	GlobalSection(ProjectConfigurationPlatforms) = postSolution
		{6FEF505C-D89E-4BA3-9306-D548F13479D2}.Debug|Win32.ActiveCfg = Debug|Win32
		{6FEF505C-D89E-4BA3-9306-D548F13479D2}.Debug|Win32.Build.0 = Debug|Win32
		{6FEF505C-D89E-4BA3-9306-D548F13479D2}.Release|Win32.ActiveCfg = Release|Win32
		{6FEF505C-D89E-4BA3-9306-D548F13479D2}.Release|Win32.Build.0 = Release|Win32
		{C10E9399-7133-41A9-AEEC-7E6C365CBB26}.Debug|Win32.ActiveCfg = Debug|Win32
		{C10E9399-7133-41A9-AEEC-7E6C365CBB26}.Debug|Win32.Build.0 = Debug|Win32
		{C10E9399-7133-41A9-AEEC-7E6C365CBB26}.Release|Win32.ActiveCfg = Release|Win32
		{C10E9399-7133-41A9-AEEC-7E6C365CBB26}.Release|Win32.Build.0 = Release|Win32
		{C070A925-982A-468B-A791-72C7884F4B2A}.Debug|Win32.ActiveCfg = Debug|Win32
		{C070A925-982A-468B-A791-72C7884F4B2A}.Debug|Win32.Build.0 = Debug|Win32
		{C070A925-982A-468B-A791-72C7884F4B2A}.Release|Win32.ActiveCfg = Release|Win32
		{C070A925-982A-468B-A791-72C7884F4B2A}.Release|Win32.Build.0 = Release|Win32
		{E71BD72A-0234-405C-AFBE-B5EDF441E3A2}.Debug|Win32.ActiveCfg = Debug|Win32
		{E71BD72A-0234-405C-AFBE-B5EDF441E3A2}.Debug|Win32.Build.0 = Debug|Win32
		{E71BD72A-0234-405C-AFBE-B5EDF441E3A2}.Release|Win32.ActiveCfg = Release|Win32
		{E71BD72A-0234-405C-AFBE-B5EDF441E3A2}.Release|Win32.Build.0 = Release|Win32
	EndGlobalSection
	GlobalSection(SolutionProperties) = preSolution
		HideSolutionNode = FALSE
	EndGlobalSection
EndGlobal
